
Microsoft Visual Studio Solution File, Format Version 12.00
# Visual Studio Version 16
VisualStudioVersion = 16.0.31624.102
MinimumVisualStudioVersion = 10.0.40219.1
Project("{FAE04EC0-301F-11D3-BF4B-00C04F79EFBC}") = "Praktikum W08 S2", "Praktikum W08 S2\Praktikum W08 S2.csproj", "{25FBC99D-9C3F-448D-94C1-7A5AB12B481D}"
EndProject
Global
	GlobalSection(SolutionConfigurationPlatforms) = preSolution
		Debug|Any CPU = Debug|Any CPU
		Release|Any CPU = Release|Any CPU
	EndGlobalSection
	GlobalSection(ProjectConfigurationPlatforms) = postSolution
		{25FBC99D-9C3F-448D-94C1-7A5AB12B481D}.Debug|Any CPU.ActiveCfg = Debug|Any CPU
		{25FBC99D-9C3F-448D-94C1-7A5AB12B481D}.Debug|Any CPU.Build.0 = Debug|Any CPU
		{25FBC99D-9C3F-448D-94C1-7A5AB12B481D}.Release|Any CPU.ActiveCfg = Release|Any CPU
		{25FBC99D-9C3F-448D-94C1-7A5AB12B481D}.Release|Any CPU.Build.0 = Release|Any CPU
	EndGlobalSection
	GlobalSection(SolutionProperties) = preSolution
		HideSolutionNode = FALSE
	EndGlobalSection
	GlobalSection(ExtensibilityGlobals) = postSolution
		SolutionGuid = {0FF7852F-D5A9-49DE-B4ED-6CE7DF3BCBFA}
	EndGlobalSection
EndGlobal
